// !$*UTF8*$!
{
	archiveVersion = 1;
	classes = {
	};
	objectVersion = 50;
	objects = {

/* Begin PBXBuildFile section */
		30180875208F23D6000F5378 /* AppDelegate.swift in Sources */ = {isa = PBXBuildFile; fileRef = 30180874208F23D6000F5378 /* AppDelegate.swift */; };
		30180877208F23D6000F5378 /* ViewController.swift in Sources */ = {isa = PBXBuildFile; fileRef = 30180876208F23D6000F5378 /* ViewController.swift */; };
		3018087A208F23D6000F5378 /* Main.storyboard in Resources */ = {isa = PBXBuildFile; fileRef = 30180878208F23D6000F5378 /* Main.storyboard */; };
		3018087C208F23D7000F5378 /* Assets.xcassets in Resources */ = {isa = PBXBuildFile; fileRef = 3018087B208F23D7000F5378 /* Assets.xcassets */; };
		3018087F208F23D7000F5378 /* LaunchScreen.storyboard in Resources */ = {isa = PBXBuildFile; fileRef = 3018087D208F23D7000F5378 /* LaunchScreen.storyboard */; };
		30180890208F24E7000F5378 /* Centenario.jpg in Resources */ = {isa = PBXBuildFile; fileRef = 30180887208F24E6000F5378 /* Centenario.jpg */; };
		30180891208F24E7000F5378 /* Ferrari1.jpg in Resources */ = {isa = PBXBuildFile; fileRef = 30180888208F24E7000F5378 /* Ferrari1.jpg */; };
		30180892208F24E7000F5378 /* Aventador.jpg in Resources */ = {isa = PBXBuildFile; fileRef = 30180889208F24E7000F5378 /* Aventador.jpg */; };
		30180893208F24E7000F5378 /* Ferrari3.jpg in Resources */ = {isa = PBXBuildFile; fileRef = 3018088A208F24E7000F5378 /* Ferrari3.jpg */; };
		30180894208F24E7000F5378 /* porsche1.jpg in Resources */ = {isa = PBXBuildFile; fileRef = 3018088B208F24E7000F5378 /* porsche1.jpg */; };
		30180895208F24E7000F5378 /* porsche2.jpg in Resources */ = {isa = PBXBuildFile; fileRef = 3018088C208F24E7000F5378 /* porsche2.jpg */; };
		30180896208F24E7000F5378 /* Madman.jpg in Resources */ = {isa = PBXBuildFile; fileRef = 3018088D208F24E7000F5378 /* Madman.jpg */; };
		30180897208F24E7000F5378 /* porsche3.jpg in Resources */ = {isa = PBXBuildFile; fileRef = 3018088E208F24E7000F5378 /* porsche3.jpg */; };
		30180898208F24E7000F5378 /* Ferrari2.jpg in Resources */ = {isa = PBXBuildFile; fileRef = 3018088F208F24E7000F5378 /* Ferrari2.jpg */; };
		3018089A208F2560000F5378 /* garage.jpg in Resources */ = {isa = PBXBuildFile; fileRef = 30180899208F255F000F5378 /* garage.jpg */; };
/* End PBXBuildFile section */

/* Begin PBXFileReference section */
		30180871208F23D6000F5378 /* SelectCar.app */ = {isa = PBXFileReference; explicitFileType = wrapper.application; includeInIndex = 0; path = SelectCar.app; sourceTree = BUILT_PRODUCTS_DIR; };
		30180874208F23D6000F5378 /* AppDelegate.swift */ = {isa = PBXFileReference; lastKnownFileType = sourcecode.swift; path = AppDelegate.swift; sourceTree = "<group>"; };
		30180876208F23D6000F5378 /* ViewController.swift */ = {isa = PBXFileReference; lastKnownFileType = sourcecode.swift; path = ViewController.swift; sourceTree = "<group>"; };
		30180879208F23D6000F5378 /* Base */ = {isa = PBXFileReference; lastKnownFileType = file.storyboard; name = Base; path = Base.lproj/Main.storyboard; sourceTree = "<group>"; };
		3018087B208F23D7000F5378 /* Assets.xcassets */ = {isa = PBXFileReference; lastKnownFileType = folder.assetcatalog; path = Assets.xcassets; sourceTree = "<group>"; };
		3018087E208F23D7000F5378 /* Base */ = {isa = PBXFileReference; lastKnownFileType = file.storyboard; name = Base; path = Base.lproj/LaunchScreen.storyboard; sourceTree = "<group>"; };
		30180880208F23D7000F5378 /* Info.plist */ = {isa = PBXFileReference; lastKnownFileType = text.plist.xml; path = Info.plist; sourceTree = "<group>"; };
		30180887208F24E6000F5378 /* Centenario.jpg */ = {isa = PBXFileReference; lastKnownFileType = image.jpeg; path = Centenario.jpg; sourceTree = "<group>"; };
		30180888208F24E7000F5378 /* Ferrari1.jpg */ = {isa = PBXFileReference; lastKnownFileType = image.jpeg; path = Ferrari1.jpg; sourceTree = "<group>"; };
		30180889208F24E7000F5378 /* Aventador.jpg */ = {isa = PBXFileReference; lastKnownFileType = image.jpeg; path = Aventador.jpg; sourceTree = "<group>"; };
		3018088A208F24E7000F5378 /* Ferrari3.jpg */ = {isa = PBXFileReference; lastKnownFileType = image.jpeg; path = Ferrari3.jpg; sourceTree = "<group>"; };
		3018088B208F24E7000F5378 /* porsche1.jpg */ = {isa = PBXFileReference; lastKnownFileType = image.jpeg; path = porsche1.jpg; sourceTree = "<group>"; };
		3018088C208F24E7000F5378 /* porsche2.jpg */ = {isa = PBXFileReference; lastKnownFileType = image.jpeg; path = porsche2.jpg; sourceTree = "<group>"; };
		3018088D208F24E7000F5378 /* Madman.jpg */ = {isa = PBXFileReference; lastKnownFileType = image.jpeg; path = Madman.jpg; sourceTree = "<group>"; };
		3018088E208F24E7000F5378 /* porsche3.jpg */ = {isa = PBXFileReference; lastKnownFileType = image.jpeg; path = porsche3.jpg; sourceTree = "<group>"; };
		3018088F208F24E7000F5378 /* Ferrari2.jpg */ = {isa = PBXFileReference; lastKnownFileType = image.jpeg; path = Ferrari2.jpg; sourceTree = "<group>"; };
		30180899208F255F000F5378 /* garage.jpg */ = {isa = PBXFileReference; lastKnownFileType = image.jpeg; path = garage.jpg; sourceTree = "<group>"; };
/* End PBXFileReference section */

/* Begin PBXFrameworksBuildPhase section */
		3018086E208F23D6000F5378 /* Frameworks */ = {
			isa = PBXFrameworksBuildPhase;
			buildActionMask = 2147483647;
			files = (
			);
			runOnlyForDeploymentPostprocessing = 0;
		};
/* End PBXFrameworksBuildPhase section */

/* Begin PBXGroup section */
		30180868208F23D6000F5378 = {
			isa = PBXGroup;
			children = (
				30180873208F23D6000F5378 /* SelectCar */,
				30180872208F23D6000F5378 /* Products */,
			);
			sourceTree = "<group>";
		};
		30180872208F23D6000F5378 /* Products */ = {
			isa = PBXGroup;
			children = (
				30180871208F23D6000F5378 /* SelectCar.app */,
			);
			name = Products;
			sourceTree = "<group>";
		};
		30180873208F23D6000F5378 /* SelectCar */ = {
			isa = PBXGroup;
			children = (
				30180878208F23D6000F5378 /* Main.storyboard */,
				30180876208F23D6000F5378 /* ViewController.swift */,
				30180886208F24C8000F5378 /* Resouce */,
				30180874208F23D6000F5378 /* AppDelegate.swift */,
				3018087B208F23D7000F5378 /* Assets.xcassets */,
				3018087D208F23D7000F5378 /* LaunchScreen.storyboard */,
				30180880208F23D7000F5378 /* Info.plist */,
			);
			path = SelectCar;
			sourceTree = "<group>";
		};
		30180886208F24C8000F5378 /* Resouce */ = {
			isa = PBXGroup;
			children = (
				30180899208F255F000F5378 /* garage.jpg */,
				30180888208F24E7000F5378 /* Ferrari1.jpg */,
				3018088F208F24E7000F5378 /* Ferrari2.jpg */,
				3018088A208F24E7000F5378 /* Ferrari3.jpg */,
				30180889208F24E7000F5378 /* Aventador.jpg */,
				30180887208F24E6000F5378 /* Centenario.jpg */,
				3018088D208F24E7000F5378 /* Madman.jpg */,
				3018088B208F24E7000F5378 /* porsche1.jpg */,
				3018088C208F24E7000F5378 /* porsche2.jpg */,
				3018088E208F24E7000F5378 /* porsche3.jpg */,
			);
			path = Resouce;
			sourceTree = "<group>";
		};
/* End PBXGroup section */

/* Begin PBXNativeTarget section */
		30180870208F23D6000F5378 /* SelectCar */ = {
			isa = PBXNativeTarget;
			buildConfigurationList = 30180883208F23D7000F5378 /* Build configuration list for PBXNativeTarget "SelectCar" */;
			buildPhases = (
				3018086D208F23D6000F5378 /* Sources */,
				3018086E208F23D6000F5378 /* Frameworks */,
				3018086F208F23D6000F5378 /* Resources */,
			);
			buildRules = (
			);
			dependencies = (
			);
			name = SelectCar;
			productName = SelectCar;
			productReference = 30180871208F23D6000F5378 /* SelectCar.app */;
			productType = "com.apple.product-type.application";
		};
/* End PBXNativeTarget section */

/* Begin PBXProject section */
		30180869208F23D6000F5378 /* Project object */ = {
			isa = PBXProject;
			attributes = {
				LastSwiftUpdateCheck = 0930;
				LastUpgradeCheck = 0930;
				ORGANIZATIONNAME = Ghun2;
				TargetAttributes = {
					30180870208F23D6000F5378 = {
						CreatedOnToolsVersion = 9.3;
					};
				};
			};
			buildConfigurationList = 3018086C208F23D6000F5378 /* Build configuration list for PBXProject "SelectCar" */;
			compatibilityVersion = "Xcode 9.3";
			developmentRegion = en;
			hasScannedForEncodings = 0;
			knownRegions = (
				en,
				Base,
			);
			mainGroup = 30180868208F23D6000F5378;
			productRefGroup = 30180872208F23D6000F5378 /* Products */;
			projectDirPath = "";
			projectRoot = "";
			targets = (
				30180870208F23D6000F5378 /* SelectCar */,
			);
		};
/* End PBXProject section */

/* Begin PBXResourcesBuildPhase section */
		3018086F208F23D6000F5378 /* Resources */ = {
			isa = PBXResourcesBuildPhase;
			buildActionMask = 2147483647;
			files = (
				30180898208F24E7000F5378 /* Ferrari2.jpg in Resources */,
				30180894208F24E7000F5378 /* porsche1.jpg in Resources */,
				3018087F208F23D7000F5378 /* LaunchScreen.storyboard in Resources */,
				30180890208F24E7000F5378 /* Centenario.jpg in Resources */,
				30180891208F24E7000F5378 /* Ferrari1.jpg in Resources */,
				3018087C208F23D7000F5378 /* Assets.xcassets in Resources */,
				30180892208F24E7000F5378 /* Aventador.jpg in Resources */,
				3018089A208F2560000F5378 /* garage.jpg in Resources */,
				30180897208F24E7000F5378 /* porsche3.jpg in Resources */,
				30180893208F24E7000F5378 /* Ferrari3.jpg in Resources */,
				30180895208F24E7000F5378 /* porsche2.jpg in Resources */,
				3018087A208F23D6000F5378 /* Main.storyboard in Resources */,
				30180896208F24E7000F5378 /* Madman.jpg in Resources */,
			);
			runOnlyForDeploymentPostprocessing = 0;
		};
/* End PBXResourcesBuildPhase section */

/* Begin PBXSourcesBuildPhase section */
		3018086D208F23D6000F5378 /* Sources */ = {
			isa = PBXSourcesBuildPhase;
			buildActionMask = 2147483647;
			files = (
				30180877208F23D6000F5378 /* ViewController.swift in Sources */,
				30180875208F23D6000F5378 /* AppDelegate.swift in Sources */,
			);
			runOnlyForDeploymentPostprocessing = 0;
		};
/* End PBXSourcesBuildPhase section */

/* Begin PBXVariantGroup section */
		30180878208F23D6000F5378 /* Main.storyboard */ = {
			isa = PBXVariantGroup;
			children = (
				30180879208F23D6000F5378 /* Base */,
			);
			name = Main.storyboard;
			sourceTree = "<group>";
		};
		3018087D208F23D7000F5378 /* LaunchScreen.storyboard */ = {
			isa = PBXVariantGroup;
			children = (
				3018087E208F23D7000F5378 /* Base */,
			);
			name = LaunchScreen.storyboard;
			sourceTree = "<group>";
		};
/* End PBXVariantGroup section */

/* Begin XCBuildConfiguration section */
		30180881208F23D7000F5378 /* Debug */ = {
			isa = XCBuildConfiguration;
			buildSettings = {
				ALWAYS_SEARCH_USER_PATHS = NO;
				CLANG_ANALYZER_NONNULL = YES;
				CLANG_ANALYZER_NUMBER_OBJECT_CONVERSION = YES_AGGRESSIVE;
				CLANG_CXX_LANGUAGE_STANDARD = "gnu++14";
				CLANG_CXX_LIBRARY = "libc++";
				CLANG_ENABLE_MODULES = YES;
				CLANG_ENABLE_OBJC_ARC = YES;
				CLANG_ENABLE_OBJC_WEAK = YES;
				CLANG_WARN_BLOCK_CAPTURE_AUTORELEASING = YES;
				CLANG_WARN_BOOL_CONVERSION = YES;
				CLANG_WARN_COMMA = YES;
				CLANG_WARN_CONSTANT_CONVERSION = YES;
				CLANG_WARN_DEPRECATED_OBJC_IMPLEMENTATIONS = YES;
				CLANG_WARN_DIRECT_OBJC_ISA_USAGE = YES_ERROR;
				CLANG_WARN_DOCUMENTATION_COMMENTS = YES;
				CLANG_WARN_EMPTY_BODY = YES;
				CLANG_WARN_ENUM_CONVERSION = YES;
				CLANG_WARN_INFINITE_RECURSION = YES;
				CLANG_WARN_INT_CONVERSION = YES;
				CLANG_WARN_NON_LITERAL_NULL_CONVERSION = YES;
				CLANG_WARN_OBJC_IMPLICIT_RETAIN_SELF = YES;
				CLANG_WARN_OBJC_LITERAL_CONVERSION = YES;
				CLANG_WARN_OBJC_ROOT_CLASS = YES_ERROR;
				CLANG_WARN_RANGE_LOOP_ANALYSIS = YES;
				CLANG_WARN_STRICT_PROTOTYPES = YES;
				CLANG_WARN_SUSPICIOUS_MOVE = YES;
				CLANG_WARN_UNGUARDED_AVAILABILITY = YES_AGGRESSIVE;
				CLANG_WARN_UNREACHABLE_CODE = YES;
				CLANG_WARN__DUPLICATE_METHOD_MATCH = YES;
				CODE_SIGN_IDENTITY = "iPhone Developer";
				COPY_PHASE_STRIP = NO;
				DEBUG_INFORMATION_FORMAT = dwarf;
				ENABLE_STRICT_OBJC_MSGSEND = YES;
				ENABLE_TESTABILITY = YES;
				GCC_C_LANGUAGE_STANDARD = gnu11;
				GCC_DYNAMIC_NO_PIC = NO;
				GCC_NO_COMMON_BLOCKS = YES;
				GCC_OPTIMIZATION_LEVEL = 0;
				GCC_PREPROCESSOR_DEFINITIONS = (
					"DEBUG=1",
					"$(inherited)",
				);
				GCC_WARN_64_TO_32_BIT_CONVERSION = YES;
				GCC_WARN_ABOUT_RETURN_TYPE = YES_ERROR;
				GCC_WARN_UNDECLARED_SELECTOR = YES;
				GCC_WARN_UNINITIALIZED_AUTOS = YES_AGGRESSIVE;
				GCC_WARN_UNUSED_FUNCTION = YES;
				GCC_WARN_UNUSED_VARIABLE = YES;
				IPHONEOS_DEPLOYMENT_TARGET = 11.3;
				MTL_ENABLE_DEBUG_INFO = YES;
				ONLY_ACTIVE_ARCH = YES;
				SDKROOT = iphoneos;
				SWIFT_ACTIVE_COMPILATION_CONDITIONS = DEBUG;
				SWIFT_OPTIMIZATION_LEVEL = "-Onone";
			};
			name = Debug;
		};
		30180882208F23D7000F5378 /* Release */ = {
			isa = XCBuildConfiguration;
			buildSettings = {
				ALWAYS_SEARCH_USER_PATHS = NO;
				CLANG_ANALYZER_NONNULL = YES;
				CLANG_ANALYZER_NUMBER_OBJECT_CONVERSION = YES_AGGRESSIVE;
				CLANG_CXX_LANGUAGE_STANDARD = "gnu++14";
				CLANG_CXX_LIBRARY = "libc++";
				CLANG_ENABLE_MODULES = YES;
				CLANG_ENABLE_OBJC_ARC = YES;
				CLANG_ENABLE_OBJC_WEAK = YES;
				CLANG_WARN_BLOCK_CAPTURE_AUTORELEASING = YES;
				CLANG_WARN_BOOL_CONVERSION = YES;
				CLANG_WARN_COMMA = YES;
				CLANG_WARN_CONSTANT_CONVERSION = YES;
				CLANG_WARN_DEPRECATED_OBJC_IMPLEMENTATIONS = YES;
				CLANG_WARN_DIRECT_OBJC_ISA_USAGE = YES_ERROR;
				CLANG_WARN_DOCUMENTATION_COMMENTS = YES;
				CLANG_WARN_EMPTY_BODY = YES;
				CLANG_WARN_ENUM_CONVERSION = YES;
				CLANG_WARN_INFINITE_RECURSION = YES;
				CLANG_WARN_INT_CONVERSION = YES;
				CLANG_WARN_NON_LITERAL_NULL_CONVERSION = YES;
				CLANG_WARN_OBJC_IMPLICIT_RETAIN_SELF = YES;
				CLANG_WARN_OBJC_LITERAL_CONVERSION = YES;
				CLANG_WARN_OBJC_ROOT_CLASS = YES_ERROR;
				CLANG_WARN_RANGE_LOOP_ANALYSIS = YES;
				CLANG_WARN_STRICT_PROTOTYPES = YES;
				CLANG_WARN_SUSPICIOUS_MOVE = YES;
				CLANG_WARN_UNGUARDED_AVAILABILITY = YES_AGGRESSIVE;
				CLANG_WARN_UNREACHABLE_CODE = YES;
				CLANG_WARN__DUPLICATE_METHOD_MATCH = YES;
				CODE_SIGN_IDENTITY = "iPhone Developer";
				COPY_PHASE_STRIP = NO;
				DEBUG_INFORMATION_FORMAT = "dwarf-with-dsym";
				ENABLE_NS_ASSERTIONS = NO;
				ENABLE_STRICT_OBJC_MSGSEND = YES;
				GCC_C_LANGUAGE_STANDARD = gnu11;
				GCC_NO_COMMON_BLOCKS = YES;
				GCC_WARN_64_TO_32_BIT_CONVERSION = YES;
				GCC_WARN_ABOUT_RETURN_TYPE = YES_ERROR;
				GCC_WARN_UNDECLARED_SELECTOR = YES;
				GCC_WARN_UNINITIALIZED_AUTOS = YES_AGGRESSIVE;
				GCC_WARN_UNUSED_FUNCTION = YES;
				GCC_WARN_UNUSED_VARIABLE = YES;
				IPHONEOS_DEPLOYMENT_TARGET = 11.3;
				MTL_ENABLE_DEBUG_INFO = NO;
				SDKROOT = iphoneos;
				SWIFT_COMPILATION_MODE = wholemodule;
				SWIFT_OPTIMIZATION_LEVEL = "-O";
				VALIDATE_PRODUCT = YES;
			};
			name = Release;
		};
		30180884208F23D7000F5378 /* Debug */ = {
			isa = XCBuildConfiguration;
			buildSettings = {
				ASSETCATALOG_COMPILER_APPICON_NAME = AppIcon;
				CODE_SIGN_STYLE = Automatic;
				INFOPLIST_FILE = SelectCar/Info.plist;
				LD_RUNPATH_SEARCH_PATHS = (
					"$(inherited)",
					"@executable_path/Frameworks",
				);
				PRODUCT_BUNDLE_IDENTIFIER = kr.ghun.SelectCar;
				PRODUCT_NAME = "$(TARGET_NAME)";
				SWIFT_VERSION = 4.0;
				TARGETED_DEVICE_FAMILY = "1,2";
			};
			name = Debug;
		};
		30180885208F23D7000F5378 /* Release */ = {
			isa = XCBuildConfiguration;
			buildSettings = {
				ASSETCATALOG_COMPILER_APPICON_NAME = AppIcon;
				CODE_SIGN_STYLE = Automatic;
				INFOPLIST_FILE = SelectCar/Info.plist;
				LD_RUNPATH_SEARCH_PATHS = (
					"$(inherited)",
					"@executable_path/Frameworks",
				);
				PRODUCT_BUNDLE_IDENTIFIER = kr.ghun.SelectCar;
				PRODUCT_NAME = "$(TARGET_NAME)";
				SWIFT_VERSION = 4.0;
				TARGETED_DEVICE_FAMILY = "1,2";
			};
			name = Release;
		};
/* End XCBuildConfiguration section */

/* Begin XCConfigurationList section */
		3018086C208F23D6000F5378 /* Build configuration list for PBXProject "SelectCar" */ = {
			isa = XCConfigurationList;
			buildConfigurations = (
				30180881208F23D7000F5378 /* Debug */,
				30180882208F23D7000F5378 /* Release */,
			);
			defaultConfigurationIsVisible = 0;
			defaultConfigurationName = Release;
		};
		30180883208F23D7000F5378 /* Build configuration list for PBXNativeTarget "SelectCar" */ = {
			isa = XCConfigurationList;
			buildConfigurations = (
				30180884208F23D7000F5378 /* Debug */,
				30180885208F23D7000F5378 /* Release */,
			);
			defaultConfigurationIsVisible = 0;
			defaultConfigurationName = Release;
		};
/* End XCConfigurationList section */
	};
	rootObject = 30180869208F23D6000F5378 /* Project object */;
}
