// !$*UTF8*$!
{
	archiveVersion = 1;
	classes = {
	};
	objectVersion = 50;
	objects = {

/* Begin PBXBuildFile section */
		3062C6E8209AE60300DC0C3F /* sunny.png in Resources */ = {isa = PBXBuildFile; fileRef = 3062C6E3209AE60300DC0C3F /* sunny.png */; };
		3062C6E9209AE60300DC0C3F /* cloudy.png in Resources */ = {isa = PBXBuildFile; fileRef = 3062C6E4209AE60300DC0C3F /* cloudy.png */; };
		3062C6EA209AE60300DC0C3F /* rainy.png in Resources */ = {isa = PBXBuildFile; fileRef = 3062C6E5209AE60300DC0C3F /* rainy.png */; };
		3062C6EB209AE60300DC0C3F /* snow.png in Resources */ = {isa = PBXBuildFile; fileRef = 3062C6E6209AE60300DC0C3F /* snow.png */; };
		3062C6EC209AE60300DC0C3F /* blizzard.png in Resources */ = {isa = PBXBuildFile; fileRef = 3062C6E7209AE60300DC0C3F /* blizzard.png */; };
		30BE0CE62099A7B7006B7CAD /* AppDelegate.swift in Sources */ = {isa = PBXBuildFile; fileRef = 30BE0CE52099A7B7006B7CAD /* AppDelegate.swift */; };
		30BE0CE82099A7B7006B7CAD /* ViewController.swift in Sources */ = {isa = PBXBuildFile; fileRef = 30BE0CE72099A7B7006B7CAD /* ViewController.swift */; };
		30BE0CEB2099A7B7006B7CAD /* Main.storyboard in Resources */ = {isa = PBXBuildFile; fileRef = 30BE0CE92099A7B7006B7CAD /* Main.storyboard */; };
		30BE0CED2099A7B9006B7CAD /* Assets.xcassets in Resources */ = {isa = PBXBuildFile; fileRef = 30BE0CEC2099A7B9006B7CAD /* Assets.xcassets */; };
		30BE0CF02099A7B9006B7CAD /* LaunchScreen.storyboard in Resources */ = {isa = PBXBuildFile; fileRef = 30BE0CEE2099A7B9006B7CAD /* LaunchScreen.storyboard */; };
		30BE0D032099A8AC006B7CAD /* WeatherCell.swift in Sources */ = {isa = PBXBuildFile; fileRef = 30BE0D022099A8AC006B7CAD /* WeatherCell.swift */; };
/* End PBXBuildFile section */

/* Begin PBXFileReference section */
		3062C6E3209AE60300DC0C3F /* sunny.png */ = {isa = PBXFileReference; lastKnownFileType = image.png; name = sunny.png; path = ../../../WeatherTable/WeatherTable/Resource/sunny.png; sourceTree = "<group>"; };
		3062C6E4209AE60300DC0C3F /* cloudy.png */ = {isa = PBXFileReference; lastKnownFileType = image.png; name = cloudy.png; path = ../../../WeatherTable/WeatherTable/Resource/cloudy.png; sourceTree = "<group>"; };
		3062C6E5209AE60300DC0C3F /* rainy.png */ = {isa = PBXFileReference; lastKnownFileType = image.png; name = rainy.png; path = ../../../WeatherTable/WeatherTable/Resource/rainy.png; sourceTree = "<group>"; };
		3062C6E6209AE60300DC0C3F /* snow.png */ = {isa = PBXFileReference; lastKnownFileType = image.png; name = snow.png; path = ../../../WeatherTable/WeatherTable/Resource/snow.png; sourceTree = "<group>"; };
		3062C6E7209AE60300DC0C3F /* blizzard.png */ = {isa = PBXFileReference; lastKnownFileType = image.png; name = blizzard.png; path = ../../../WeatherTable/WeatherTable/Resource/blizzard.png; sourceTree = "<group>"; };
		30BE0CE22099A7B7006B7CAD /* XMLParser.app */ = {isa = PBXFileReference; explicitFileType = wrapper.application; includeInIndex = 0; path = XMLParser.app; sourceTree = BUILT_PRODUCTS_DIR; };
		30BE0CE52099A7B7006B7CAD /* AppDelegate.swift */ = {isa = PBXFileReference; lastKnownFileType = sourcecode.swift; path = AppDelegate.swift; sourceTree = "<group>"; };
		30BE0CE72099A7B7006B7CAD /* ViewController.swift */ = {isa = PBXFileReference; lastKnownFileType = sourcecode.swift; path = ViewController.swift; sourceTree = "<group>"; };
		30BE0CEA2099A7B7006B7CAD /* Base */ = {isa = PBXFileReference; lastKnownFileType = file.storyboard; name = Base; path = Base.lproj/Main.storyboard; sourceTree = "<group>"; };
		30BE0CEC2099A7B9006B7CAD /* Assets.xcassets */ = {isa = PBXFileReference; lastKnownFileType = folder.assetcatalog; path = Assets.xcassets; sourceTree = "<group>"; };
		30BE0CEF2099A7B9006B7CAD /* Base */ = {isa = PBXFileReference; lastKnownFileType = file.storyboard; name = Base; path = Base.lproj/LaunchScreen.storyboard; sourceTree = "<group>"; };
		30BE0CF12099A7B9006B7CAD /* Info.plist */ = {isa = PBXFileReference; lastKnownFileType = text.plist.xml; path = Info.plist; sourceTree = "<group>"; };
		30BE0D022099A8AC006B7CAD /* WeatherCell.swift */ = {isa = PBXFileReference; lastKnownFileType = sourcecode.swift; path = WeatherCell.swift; sourceTree = "<group>"; };
/* End PBXFileReference section */

/* Begin PBXFrameworksBuildPhase section */
		30BE0CDF2099A7B7006B7CAD /* Frameworks */ = {
			isa = PBXFrameworksBuildPhase;
			buildActionMask = 2147483647;
			files = (
			);
			runOnlyForDeploymentPostprocessing = 0;
		};
/* End PBXFrameworksBuildPhase section */

/* Begin PBXGroup section */
		30BE0CD92099A7B7006B7CAD = {
			isa = PBXGroup;
			children = (
				30BE0CE42099A7B7006B7CAD /* XMLParser */,
				30BE0CE32099A7B7006B7CAD /* Products */,
			);
			sourceTree = "<group>";
		};
		30BE0CE32099A7B7006B7CAD /* Products */ = {
			isa = PBXGroup;
			children = (
				30BE0CE22099A7B7006B7CAD /* XMLParser.app */,
			);
			name = Products;
			sourceTree = "<group>";
		};
		30BE0CE42099A7B7006B7CAD /* XMLParser */ = {
			isa = PBXGroup;
			children = (
				30BE0CE92099A7B7006B7CAD /* Main.storyboard */,
				30BE0CE72099A7B7006B7CAD /* ViewController.swift */,
				30BE0D022099A8AC006B7CAD /* WeatherCell.swift */,
				30BE0CF72099A7C5006B7CAD /* Resource */,
				30BE0CE52099A7B7006B7CAD /* AppDelegate.swift */,
				30BE0CEC2099A7B9006B7CAD /* Assets.xcassets */,
				30BE0CEE2099A7B9006B7CAD /* LaunchScreen.storyboard */,
				30BE0CF12099A7B9006B7CAD /* Info.plist */,
			);
			path = XMLParser;
			sourceTree = "<group>";
		};
		30BE0CF72099A7C5006B7CAD /* Resource */ = {
			isa = PBXGroup;
			children = (
				3062C6E7209AE60300DC0C3F /* blizzard.png */,
				3062C6E4209AE60300DC0C3F /* cloudy.png */,
				3062C6E5209AE60300DC0C3F /* rainy.png */,
				3062C6E6209AE60300DC0C3F /* snow.png */,
				3062C6E3209AE60300DC0C3F /* sunny.png */,
			);
			path = Resource;
			sourceTree = "<group>";
		};
/* End PBXGroup section */

/* Begin PBXNativeTarget section */
		30BE0CE12099A7B7006B7CAD /* XMLParser */ = {
			isa = PBXNativeTarget;
			buildConfigurationList = 30BE0CF42099A7B9006B7CAD /* Build configuration list for PBXNativeTarget "XMLParser" */;
			buildPhases = (
				30BE0CDE2099A7B7006B7CAD /* Sources */,
				30BE0CDF2099A7B7006B7CAD /* Frameworks */,
				30BE0CE02099A7B7006B7CAD /* Resources */,
			);
			buildRules = (
			);
			dependencies = (
			);
			name = XMLParser;
			productName = XMLParser;
			productReference = 30BE0CE22099A7B7006B7CAD /* XMLParser.app */;
			productType = "com.apple.product-type.application";
		};
/* End PBXNativeTarget section */

/* Begin PBXProject section */
		30BE0CDA2099A7B7006B7CAD /* Project object */ = {
			isa = PBXProject;
			attributes = {
				LastSwiftUpdateCheck = 0930;
				LastUpgradeCheck = 0930;
				ORGANIZATIONNAME = Ghun2;
				TargetAttributes = {
					30BE0CE12099A7B7006B7CAD = {
						CreatedOnToolsVersion = 9.3;
					};
				};
			};
			buildConfigurationList = 30BE0CDD2099A7B7006B7CAD /* Build configuration list for PBXProject "XMLParser" */;
			compatibilityVersion = "Xcode 9.3";
			developmentRegion = en;
			hasScannedForEncodings = 0;
			knownRegions = (
				en,
				Base,
			);
			mainGroup = 30BE0CD92099A7B7006B7CAD;
			productRefGroup = 30BE0CE32099A7B7006B7CAD /* Products */;
			projectDirPath = "";
			projectRoot = "";
			targets = (
				30BE0CE12099A7B7006B7CAD /* XMLParser */,
			);
		};
/* End PBXProject section */

/* Begin PBXResourcesBuildPhase section */
		30BE0CE02099A7B7006B7CAD /* Resources */ = {
			isa = PBXResourcesBuildPhase;
			buildActionMask = 2147483647;
			files = (
				30BE0CF02099A7B9006B7CAD /* LaunchScreen.storyboard in Resources */,
				3062C6EC209AE60300DC0C3F /* blizzard.png in Resources */,
				3062C6E8209AE60300DC0C3F /* sunny.png in Resources */,
				3062C6EB209AE60300DC0C3F /* snow.png in Resources */,
				3062C6E9209AE60300DC0C3F /* cloudy.png in Resources */,
				3062C6EA209AE60300DC0C3F /* rainy.png in Resources */,
				30BE0CED2099A7B9006B7CAD /* Assets.xcassets in Resources */,
				30BE0CEB2099A7B7006B7CAD /* Main.storyboard in Resources */,
			);
			runOnlyForDeploymentPostprocessing = 0;
		};
/* End PBXResourcesBuildPhase section */

/* Begin PBXSourcesBuildPhase section */
		30BE0CDE2099A7B7006B7CAD /* Sources */ = {
			isa = PBXSourcesBuildPhase;
			buildActionMask = 2147483647;
			files = (
				30BE0CE82099A7B7006B7CAD /* ViewController.swift in Sources */,
				30BE0CE62099A7B7006B7CAD /* AppDelegate.swift in Sources */,
				30BE0D032099A8AC006B7CAD /* WeatherCell.swift in Sources */,
			);
			runOnlyForDeploymentPostprocessing = 0;
		};
/* End PBXSourcesBuildPhase section */

/* Begin PBXVariantGroup section */
		30BE0CE92099A7B7006B7CAD /* Main.storyboard */ = {
			isa = PBXVariantGroup;
			children = (
				30BE0CEA2099A7B7006B7CAD /* Base */,
			);
			name = Main.storyboard;
			sourceTree = "<group>";
		};
		30BE0CEE2099A7B9006B7CAD /* LaunchScreen.storyboard */ = {
			isa = PBXVariantGroup;
			children = (
				30BE0CEF2099A7B9006B7CAD /* Base */,
			);
			name = LaunchScreen.storyboard;
			sourceTree = "<group>";
		};
/* End PBXVariantGroup section */

/* Begin XCBuildConfiguration section */
		30BE0CF22099A7B9006B7CAD /* Debug */ = {
			isa = XCBuildConfiguration;
			buildSettings = {
				ALWAYS_SEARCH_USER_PATHS = NO;
				CLANG_ANALYZER_NONNULL = YES;
				CLANG_ANALYZER_NUMBER_OBJECT_CONVERSION = YES_AGGRESSIVE;
				CLANG_CXX_LANGUAGE_STANDARD = "gnu++14";
				CLANG_CXX_LIBRARY = "libc++";
				CLANG_ENABLE_MODULES = YES;
				CLANG_ENABLE_OBJC_ARC = YES;
				CLANG_ENABLE_OBJC_WEAK = YES;
				CLANG_WARN_BLOCK_CAPTURE_AUTORELEASING = YES;
				CLANG_WARN_BOOL_CONVERSION = YES;
				CLANG_WARN_COMMA = YES;
				CLANG_WARN_CONSTANT_CONVERSION = YES;
				CLANG_WARN_DEPRECATED_OBJC_IMPLEMENTATIONS = YES;
				CLANG_WARN_DIRECT_OBJC_ISA_USAGE = YES_ERROR;
				CLANG_WARN_DOCUMENTATION_COMMENTS = YES;
				CLANG_WARN_EMPTY_BODY = YES;
				CLANG_WARN_ENUM_CONVERSION = YES;
				CLANG_WARN_INFINITE_RECURSION = YES;
				CLANG_WARN_INT_CONVERSION = YES;
				CLANG_WARN_NON_LITERAL_NULL_CONVERSION = YES;
				CLANG_WARN_OBJC_IMPLICIT_RETAIN_SELF = YES;
				CLANG_WARN_OBJC_LITERAL_CONVERSION = YES;
				CLANG_WARN_OBJC_ROOT_CLASS = YES_ERROR;
				CLANG_WARN_RANGE_LOOP_ANALYSIS = YES;
				CLANG_WARN_STRICT_PROTOTYPES = YES;
				CLANG_WARN_SUSPICIOUS_MOVE = YES;
				CLANG_WARN_UNGUARDED_AVAILABILITY = YES_AGGRESSIVE;
				CLANG_WARN_UNREACHABLE_CODE = YES;
				CLANG_WARN__DUPLICATE_METHOD_MATCH = YES;
				CODE_SIGN_IDENTITY = "iPhone Developer";
				COPY_PHASE_STRIP = NO;
				DEBUG_INFORMATION_FORMAT = dwarf;
				ENABLE_STRICT_OBJC_MSGSEND = YES;
				ENABLE_TESTABILITY = YES;
				GCC_C_LANGUAGE_STANDARD = gnu11;
				GCC_DYNAMIC_NO_PIC = NO;
				GCC_NO_COMMON_BLOCKS = YES;
				GCC_OPTIMIZATION_LEVEL = 0;
				GCC_PREPROCESSOR_DEFINITIONS = (
					"DEBUG=1",
					"$(inherited)",
				);
				GCC_WARN_64_TO_32_BIT_CONVERSION = YES;
				GCC_WARN_ABOUT_RETURN_TYPE = YES_ERROR;
				GCC_WARN_UNDECLARED_SELECTOR = YES;
				GCC_WARN_UNINITIALIZED_AUTOS = YES_AGGRESSIVE;
				GCC_WARN_UNUSED_FUNCTION = YES;
				GCC_WARN_UNUSED_VARIABLE = YES;
				IPHONEOS_DEPLOYMENT_TARGET = 11.3;
				MTL_ENABLE_DEBUG_INFO = YES;
				ONLY_ACTIVE_ARCH = YES;
				SDKROOT = iphoneos;
				SWIFT_ACTIVE_COMPILATION_CONDITIONS = DEBUG;
				SWIFT_OPTIMIZATION_LEVEL = "-Onone";
			};
			name = Debug;
		};
		30BE0CF32099A7B9006B7CAD /* Release */ = {
			isa = XCBuildConfiguration;
			buildSettings = {
				ALWAYS_SEARCH_USER_PATHS = NO;
				CLANG_ANALYZER_NONNULL = YES;
				CLANG_ANALYZER_NUMBER_OBJECT_CONVERSION = YES_AGGRESSIVE;
				CLANG_CXX_LANGUAGE_STANDARD = "gnu++14";
				CLANG_CXX_LIBRARY = "libc++";
				CLANG_ENABLE_MODULES = YES;
				CLANG_ENABLE_OBJC_ARC = YES;
				CLANG_ENABLE_OBJC_WEAK = YES;
				CLANG_WARN_BLOCK_CAPTURE_AUTORELEASING = YES;
				CLANG_WARN_BOOL_CONVERSION = YES;
				CLANG_WARN_COMMA = YES;
				CLANG_WARN_CONSTANT_CONVERSION = YES;
				CLANG_WARN_DEPRECATED_OBJC_IMPLEMENTATIONS = YES;
				CLANG_WARN_DIRECT_OBJC_ISA_USAGE = YES_ERROR;
				CLANG_WARN_DOCUMENTATION_COMMENTS = YES;
				CLANG_WARN_EMPTY_BODY = YES;
				CLANG_WARN_ENUM_CONVERSION = YES;
				CLANG_WARN_INFINITE_RECURSION = YES;
				CLANG_WARN_INT_CONVERSION = YES;
				CLANG_WARN_NON_LITERAL_NULL_CONVERSION = YES;
				CLANG_WARN_OBJC_IMPLICIT_RETAIN_SELF = YES;
				CLANG_WARN_OBJC_LITERAL_CONVERSION = YES;
				CLANG_WARN_OBJC_ROOT_CLASS = YES_ERROR;
				CLANG_WARN_RANGE_LOOP_ANALYSIS = YES;
				CLANG_WARN_STRICT_PROTOTYPES = YES;
				CLANG_WARN_SUSPICIOUS_MOVE = YES;
				CLANG_WARN_UNGUARDED_AVAILABILITY = YES_AGGRESSIVE;
				CLANG_WARN_UNREACHABLE_CODE = YES;
				CLANG_WARN__DUPLICATE_METHOD_MATCH = YES;
				CODE_SIGN_IDENTITY = "iPhone Developer";
				COPY_PHASE_STRIP = NO;
				DEBUG_INFORMATION_FORMAT = "dwarf-with-dsym";
				ENABLE_NS_ASSERTIONS = NO;
				ENABLE_STRICT_OBJC_MSGSEND = YES;
				GCC_C_LANGUAGE_STANDARD = gnu11;
				GCC_NO_COMMON_BLOCKS = YES;
				GCC_WARN_64_TO_32_BIT_CONVERSION = YES;
				GCC_WARN_ABOUT_RETURN_TYPE = YES_ERROR;
				GCC_WARN_UNDECLARED_SELECTOR = YES;
				GCC_WARN_UNINITIALIZED_AUTOS = YES_AGGRESSIVE;
				GCC_WARN_UNUSED_FUNCTION = YES;
				GCC_WARN_UNUSED_VARIABLE = YES;
				IPHONEOS_DEPLOYMENT_TARGET = 11.3;
				MTL_ENABLE_DEBUG_INFO = NO;
				SDKROOT = iphoneos;
				SWIFT_COMPILATION_MODE = wholemodule;
				SWIFT_OPTIMIZATION_LEVEL = "-O";
				VALIDATE_PRODUCT = YES;
			};
			name = Release;
		};
		30BE0CF52099A7B9006B7CAD /* Debug */ = {
			isa = XCBuildConfiguration;
			buildSettings = {
				ASSETCATALOG_COMPILER_APPICON_NAME = AppIcon;
				CODE_SIGN_STYLE = Automatic;
				DEVELOPMENT_TEAM = 5Y92W5N2FZ;
				INFOPLIST_FILE = XMLParser/Info.plist;
				LD_RUNPATH_SEARCH_PATHS = (
					"$(inherited)",
					"@executable_path/Frameworks",
				);
				PRODUCT_BUNDLE_IDENTIFIER = kr.ghun.XMLParser;
				PRODUCT_NAME = "$(TARGET_NAME)";
				SWIFT_VERSION = 4.0;
				TARGETED_DEVICE_FAMILY = "1,2";
			};
			name = Debug;
		};
		30BE0CF62099A7B9006B7CAD /* Release */ = {
			isa = XCBuildConfiguration;
			buildSettings = {
				ASSETCATALOG_COMPILER_APPICON_NAME = AppIcon;
				CODE_SIGN_STYLE = Automatic;
				DEVELOPMENT_TEAM = 5Y92W5N2FZ;
				INFOPLIST_FILE = XMLParser/Info.plist;
				LD_RUNPATH_SEARCH_PATHS = (
					"$(inherited)",
					"@executable_path/Frameworks",
				);
				PRODUCT_BUNDLE_IDENTIFIER = kr.ghun.XMLParser;
				PRODUCT_NAME = "$(TARGET_NAME)";
				SWIFT_VERSION = 4.0;
				TARGETED_DEVICE_FAMILY = "1,2";
			};
			name = Release;
		};
/* End XCBuildConfiguration section */

/* Begin XCConfigurationList section */
		30BE0CDD2099A7B7006B7CAD /* Build configuration list for PBXProject "XMLParser" */ = {
			isa = XCConfigurationList;
			buildConfigurations = (
				30BE0CF22099A7B9006B7CAD /* Debug */,
				30BE0CF32099A7B9006B7CAD /* Release */,
			);
			defaultConfigurationIsVisible = 0;
			defaultConfigurationName = Release;
		};
		30BE0CF42099A7B9006B7CAD /* Build configuration list for PBXNativeTarget "XMLParser" */ = {
			isa = XCConfigurationList;
			buildConfigurations = (
				30BE0CF52099A7B9006B7CAD /* Debug */,
				30BE0CF62099A7B9006B7CAD /* Release */,
			);
			defaultConfigurationIsVisible = 0;
			defaultConfigurationName = Release;
		};
/* End XCConfigurationList section */
	};
	rootObject = 30BE0CDA2099A7B7006B7CAD /* Project object */;
}
