// !$*UTF8*$!
{
	archiveVersion = 1;
	classes = {
	};
	objectVersion = 50;
	objects = {

/* Begin PBXBuildFile section */
		3062C6C3209AE47300DC0C3F /* AppDelegate.swift in Sources */ = {isa = PBXBuildFile; fileRef = 3062C6C2209AE47300DC0C3F /* AppDelegate.swift */; };
		3062C6C5209AE47300DC0C3F /* ViewController.swift in Sources */ = {isa = PBXBuildFile; fileRef = 3062C6C4209AE47300DC0C3F /* ViewController.swift */; };
		3062C6C8209AE47300DC0C3F /* Main.storyboard in Resources */ = {isa = PBXBuildFile; fileRef = 3062C6C6209AE47300DC0C3F /* Main.storyboard */; };
		3062C6CA209AE47400DC0C3F /* Assets.xcassets in Resources */ = {isa = PBXBuildFile; fileRef = 3062C6C9209AE47400DC0C3F /* Assets.xcassets */; };
		3062C6CD209AE47400DC0C3F /* LaunchScreen.storyboard in Resources */ = {isa = PBXBuildFile; fileRef = 3062C6CB209AE47400DC0C3F /* LaunchScreen.storyboard */; };
		3062C6D5209AE4FE00DC0C3F /* WeatherCell.swift in Sources */ = {isa = PBXBuildFile; fileRef = 3062C6D4209AE4FE00DC0C3F /* WeatherCell.swift */; };
		3062C6DE209AE5C100DC0C3F /* sunny.png in Resources */ = {isa = PBXBuildFile; fileRef = 3062C6D9209AE5C100DC0C3F /* sunny.png */; };
		3062C6DF209AE5C100DC0C3F /* cloudy.png in Resources */ = {isa = PBXBuildFile; fileRef = 3062C6DA209AE5C100DC0C3F /* cloudy.png */; };
		3062C6E0209AE5C100DC0C3F /* rainy.png in Resources */ = {isa = PBXBuildFile; fileRef = 3062C6DB209AE5C100DC0C3F /* rainy.png */; };
		3062C6E1209AE5C100DC0C3F /* snow.png in Resources */ = {isa = PBXBuildFile; fileRef = 3062C6DC209AE5C100DC0C3F /* snow.png */; };
		3062C6E2209AE5C100DC0C3F /* blizzard.png in Resources */ = {isa = PBXBuildFile; fileRef = 3062C6DD209AE5C100DC0C3F /* blizzard.png */; };
		3094CC8D20A1AAF700AD66F9 /* lan_rioja.jpg in Resources */ = {isa = PBXBuildFile; fileRef = 3094CC8B20A1AAF700AD66F9 /* lan_rioja.jpg */; };
		3094CC8E20A1AAF700AD66F9 /* saint_cosme.jpg in Resources */ = {isa = PBXBuildFile; fileRef = 3094CC8C20A1AAF700AD66F9 /* saint_cosme.jpg */; };
/* End PBXBuildFile section */

/* Begin PBXFileReference section */
		3062C6BF209AE47300DC0C3F /* JSONParser.app */ = {isa = PBXFileReference; explicitFileType = wrapper.application; includeInIndex = 0; path = JSONParser.app; sourceTree = BUILT_PRODUCTS_DIR; };
		3062C6C2209AE47300DC0C3F /* AppDelegate.swift */ = {isa = PBXFileReference; lastKnownFileType = sourcecode.swift; path = AppDelegate.swift; sourceTree = "<group>"; };
		3062C6C4209AE47300DC0C3F /* ViewController.swift */ = {isa = PBXFileReference; lastKnownFileType = sourcecode.swift; path = ViewController.swift; sourceTree = "<group>"; };
		3062C6C7209AE47300DC0C3F /* Base */ = {isa = PBXFileReference; lastKnownFileType = file.storyboard; name = Base; path = Base.lproj/Main.storyboard; sourceTree = "<group>"; };
		3062C6C9209AE47400DC0C3F /* Assets.xcassets */ = {isa = PBXFileReference; lastKnownFileType = folder.assetcatalog; path = Assets.xcassets; sourceTree = "<group>"; };
		3062C6CC209AE47400DC0C3F /* Base */ = {isa = PBXFileReference; lastKnownFileType = file.storyboard; name = Base; path = Base.lproj/LaunchScreen.storyboard; sourceTree = "<group>"; };
		3062C6CE209AE47400DC0C3F /* Info.plist */ = {isa = PBXFileReference; lastKnownFileType = text.plist.xml; path = Info.plist; sourceTree = "<group>"; };
		3062C6D4209AE4FE00DC0C3F /* WeatherCell.swift */ = {isa = PBXFileReference; lastKnownFileType = sourcecode.swift; path = WeatherCell.swift; sourceTree = "<group>"; };
		3062C6D9209AE5C100DC0C3F /* sunny.png */ = {isa = PBXFileReference; lastKnownFileType = image.png; name = sunny.png; path = ../../../WeatherTable/WeatherTable/Resource/sunny.png; sourceTree = "<group>"; };
		3062C6DA209AE5C100DC0C3F /* cloudy.png */ = {isa = PBXFileReference; lastKnownFileType = image.png; name = cloudy.png; path = ../../../WeatherTable/WeatherTable/Resource/cloudy.png; sourceTree = "<group>"; };
		3062C6DB209AE5C100DC0C3F /* rainy.png */ = {isa = PBXFileReference; lastKnownFileType = image.png; name = rainy.png; path = ../../../WeatherTable/WeatherTable/Resource/rainy.png; sourceTree = "<group>"; };
		3062C6DC209AE5C100DC0C3F /* snow.png */ = {isa = PBXFileReference; lastKnownFileType = image.png; name = snow.png; path = ../../../WeatherTable/WeatherTable/Resource/snow.png; sourceTree = "<group>"; };
		3062C6DD209AE5C100DC0C3F /* blizzard.png */ = {isa = PBXFileReference; lastKnownFileType = image.png; name = blizzard.png; path = ../../../WeatherTable/WeatherTable/Resource/blizzard.png; sourceTree = "<group>"; };
		3094CC8B20A1AAF700AD66F9 /* lan_rioja.jpg */ = {isa = PBXFileReference; lastKnownFileType = image.jpeg; path = lan_rioja.jpg; sourceTree = "<group>"; };
		3094CC8C20A1AAF700AD66F9 /* saint_cosme.jpg */ = {isa = PBXFileReference; lastKnownFileType = image.jpeg; path = saint_cosme.jpg; sourceTree = "<group>"; };
/* End PBXFileReference section */

/* Begin PBXFrameworksBuildPhase section */
		3062C6BC209AE47300DC0C3F /* Frameworks */ = {
			isa = PBXFrameworksBuildPhase;
			buildActionMask = 2147483647;
			files = (
			);
			runOnlyForDeploymentPostprocessing = 0;
		};
/* End PBXFrameworksBuildPhase section */

/* Begin PBXGroup section */
		3062C6B6209AE47300DC0C3F = {
			isa = PBXGroup;
			children = (
				3062C6C1209AE47300DC0C3F /* JSONParser */,
				3062C6C0209AE47300DC0C3F /* Products */,
			);
			sourceTree = "<group>";
		};
		3062C6C0209AE47300DC0C3F /* Products */ = {
			isa = PBXGroup;
			children = (
				3062C6BF209AE47300DC0C3F /* JSONParser.app */,
			);
			name = Products;
			sourceTree = "<group>";
		};
		3062C6C1209AE47300DC0C3F /* JSONParser */ = {
			isa = PBXGroup;
			children = (
				3062C6C6209AE47300DC0C3F /* Main.storyboard */,
				3062C6C4209AE47300DC0C3F /* ViewController.swift */,
				3062C6D4209AE4FE00DC0C3F /* WeatherCell.swift */,
				3062C6D6209AE58300DC0C3F /* Resource */,
				3062C6C2209AE47300DC0C3F /* AppDelegate.swift */,
				3062C6C9209AE47400DC0C3F /* Assets.xcassets */,
				3062C6CB209AE47400DC0C3F /* LaunchScreen.storyboard */,
				3062C6CE209AE47400DC0C3F /* Info.plist */,
			);
			path = JSONParser;
			sourceTree = "<group>";
		};
		3062C6D6209AE58300DC0C3F /* Resource */ = {
			isa = PBXGroup;
			children = (
				3094CC8B20A1AAF700AD66F9 /* lan_rioja.jpg */,
				3094CC8C20A1AAF700AD66F9 /* saint_cosme.jpg */,
				3062C6DD209AE5C100DC0C3F /* blizzard.png */,
				3062C6DA209AE5C100DC0C3F /* cloudy.png */,
				3062C6DB209AE5C100DC0C3F /* rainy.png */,
				3062C6DC209AE5C100DC0C3F /* snow.png */,
				3062C6D9209AE5C100DC0C3F /* sunny.png */,
			);
			path = Resource;
			sourceTree = "<group>";
		};
/* End PBXGroup section */

/* Begin PBXNativeTarget section */
		3062C6BE209AE47300DC0C3F /* JSONParser */ = {
			isa = PBXNativeTarget;
			buildConfigurationList = 3062C6D1209AE47400DC0C3F /* Build configuration list for PBXNativeTarget "JSONParser" */;
			buildPhases = (
				3062C6BB209AE47300DC0C3F /* Sources */,
				3062C6BC209AE47300DC0C3F /* Frameworks */,
				3062C6BD209AE47300DC0C3F /* Resources */,
			);
			buildRules = (
			);
			dependencies = (
			);
			name = JSONParser;
			productName = JSONParser;
			productReference = 3062C6BF209AE47300DC0C3F /* JSONParser.app */;
			productType = "com.apple.product-type.application";
		};
/* End PBXNativeTarget section */

/* Begin PBXProject section */
		3062C6B7209AE47300DC0C3F /* Project object */ = {
			isa = PBXProject;
			attributes = {
				LastSwiftUpdateCheck = 0930;
				LastUpgradeCheck = 0930;
				ORGANIZATIONNAME = Ghun2;
				TargetAttributes = {
					3062C6BE209AE47300DC0C3F = {
						CreatedOnToolsVersion = 9.3;
					};
				};
			};
			buildConfigurationList = 3062C6BA209AE47300DC0C3F /* Build configuration list for PBXProject "JSONParser" */;
			compatibilityVersion = "Xcode 9.3";
			developmentRegion = en;
			hasScannedForEncodings = 0;
			knownRegions = (
				en,
				Base,
			);
			mainGroup = 3062C6B6209AE47300DC0C3F;
			productRefGroup = 3062C6C0209AE47300DC0C3F /* Products */;
			projectDirPath = "";
			projectRoot = "";
			targets = (
				3062C6BE209AE47300DC0C3F /* JSONParser */,
			);
		};
/* End PBXProject section */

/* Begin PBXResourcesBuildPhase section */
		3062C6BD209AE47300DC0C3F /* Resources */ = {
			isa = PBXResourcesBuildPhase;
			buildActionMask = 2147483647;
			files = (
				3094CC8D20A1AAF700AD66F9 /* lan_rioja.jpg in Resources */,
				3062C6CD209AE47400DC0C3F /* LaunchScreen.storyboard in Resources */,
				3062C6E2209AE5C100DC0C3F /* blizzard.png in Resources */,
				3062C6E0209AE5C100DC0C3F /* rainy.png in Resources */,
				3062C6DE209AE5C100DC0C3F /* sunny.png in Resources */,
				3094CC8E20A1AAF700AD66F9 /* saint_cosme.jpg in Resources */,
				3062C6CA209AE47400DC0C3F /* Assets.xcassets in Resources */,
				3062C6DF209AE5C100DC0C3F /* cloudy.png in Resources */,
				3062C6E1209AE5C100DC0C3F /* snow.png in Resources */,
				3062C6C8209AE47300DC0C3F /* Main.storyboard in Resources */,
			);
			runOnlyForDeploymentPostprocessing = 0;
		};
/* End PBXResourcesBuildPhase section */

/* Begin PBXSourcesBuildPhase section */
		3062C6BB209AE47300DC0C3F /* Sources */ = {
			isa = PBXSourcesBuildPhase;
			buildActionMask = 2147483647;
			files = (
				3062C6C5209AE47300DC0C3F /* ViewController.swift in Sources */,
				3062C6C3209AE47300DC0C3F /* AppDelegate.swift in Sources */,
				3062C6D5209AE4FE00DC0C3F /* WeatherCell.swift in Sources */,
			);
			runOnlyForDeploymentPostprocessing = 0;
		};
/* End PBXSourcesBuildPhase section */

/* Begin PBXVariantGroup section */
		3062C6C6209AE47300DC0C3F /* Main.storyboard */ = {
			isa = PBXVariantGroup;
			children = (
				3062C6C7209AE47300DC0C3F /* Base */,
			);
			name = Main.storyboard;
			sourceTree = "<group>";
		};
		3062C6CB209AE47400DC0C3F /* LaunchScreen.storyboard */ = {
			isa = PBXVariantGroup;
			children = (
				3062C6CC209AE47400DC0C3F /* Base */,
			);
			name = LaunchScreen.storyboard;
			sourceTree = "<group>";
		};
/* End PBXVariantGroup section */

/* Begin XCBuildConfiguration section */
		3062C6CF209AE47400DC0C3F /* Debug */ = {
			isa = XCBuildConfiguration;
			buildSettings = {
				ALWAYS_SEARCH_USER_PATHS = NO;
				CLANG_ANALYZER_NONNULL = YES;
				CLANG_ANALYZER_NUMBER_OBJECT_CONVERSION = YES_AGGRESSIVE;
				CLANG_CXX_LANGUAGE_STANDARD = "gnu++14";
				CLANG_CXX_LIBRARY = "libc++";
				CLANG_ENABLE_MODULES = YES;
				CLANG_ENABLE_OBJC_ARC = YES;
				CLANG_ENABLE_OBJC_WEAK = YES;
				CLANG_WARN_BLOCK_CAPTURE_AUTORELEASING = YES;
				CLANG_WARN_BOOL_CONVERSION = YES;
				CLANG_WARN_COMMA = YES;
				CLANG_WARN_CONSTANT_CONVERSION = YES;
				CLANG_WARN_DEPRECATED_OBJC_IMPLEMENTATIONS = YES;
				CLANG_WARN_DIRECT_OBJC_ISA_USAGE = YES_ERROR;
				CLANG_WARN_DOCUMENTATION_COMMENTS = YES;
				CLANG_WARN_EMPTY_BODY = YES;
				CLANG_WARN_ENUM_CONVERSION = YES;
				CLANG_WARN_INFINITE_RECURSION = YES;
				CLANG_WARN_INT_CONVERSION = YES;
				CLANG_WARN_NON_LITERAL_NULL_CONVERSION = YES;
				CLANG_WARN_OBJC_IMPLICIT_RETAIN_SELF = YES;
				CLANG_WARN_OBJC_LITERAL_CONVERSION = YES;
				CLANG_WARN_OBJC_ROOT_CLASS = YES_ERROR;
				CLANG_WARN_RANGE_LOOP_ANALYSIS = YES;
				CLANG_WARN_STRICT_PROTOTYPES = YES;
				CLANG_WARN_SUSPICIOUS_MOVE = YES;
				CLANG_WARN_UNGUARDED_AVAILABILITY = YES_AGGRESSIVE;
				CLANG_WARN_UNREACHABLE_CODE = YES;
				CLANG_WARN__DUPLICATE_METHOD_MATCH = YES;
				CODE_SIGN_IDENTITY = "iPhone Developer";
				COPY_PHASE_STRIP = NO;
				DEBUG_INFORMATION_FORMAT = dwarf;
				ENABLE_STRICT_OBJC_MSGSEND = YES;
				ENABLE_TESTABILITY = YES;
				GCC_C_LANGUAGE_STANDARD = gnu11;
				GCC_DYNAMIC_NO_PIC = NO;
				GCC_NO_COMMON_BLOCKS = YES;
				GCC_OPTIMIZATION_LEVEL = 0;
				GCC_PREPROCESSOR_DEFINITIONS = (
					"DEBUG=1",
					"$(inherited)",
				);
				GCC_WARN_64_TO_32_BIT_CONVERSION = YES;
				GCC_WARN_ABOUT_RETURN_TYPE = YES_ERROR;
				GCC_WARN_UNDECLARED_SELECTOR = YES;
				GCC_WARN_UNINITIALIZED_AUTOS = YES_AGGRESSIVE;
				GCC_WARN_UNUSED_FUNCTION = YES;
				GCC_WARN_UNUSED_VARIABLE = YES;
				IPHONEOS_DEPLOYMENT_TARGET = 11.3;
				MTL_ENABLE_DEBUG_INFO = YES;
				ONLY_ACTIVE_ARCH = YES;
				SDKROOT = iphoneos;
				SWIFT_ACTIVE_COMPILATION_CONDITIONS = DEBUG;
				SWIFT_OPTIMIZATION_LEVEL = "-Onone";
			};
			name = Debug;
		};
		3062C6D0209AE47400DC0C3F /* Release */ = {
			isa = XCBuildConfiguration;
			buildSettings = {
				ALWAYS_SEARCH_USER_PATHS = NO;
				CLANG_ANALYZER_NONNULL = YES;
				CLANG_ANALYZER_NUMBER_OBJECT_CONVERSION = YES_AGGRESSIVE;
				CLANG_CXX_LANGUAGE_STANDARD = "gnu++14";
				CLANG_CXX_LIBRARY = "libc++";
				CLANG_ENABLE_MODULES = YES;
				CLANG_ENABLE_OBJC_ARC = YES;
				CLANG_ENABLE_OBJC_WEAK = YES;
				CLANG_WARN_BLOCK_CAPTURE_AUTORELEASING = YES;
				CLANG_WARN_BOOL_CONVERSION = YES;
				CLANG_WARN_COMMA = YES;
				CLANG_WARN_CONSTANT_CONVERSION = YES;
				CLANG_WARN_DEPRECATED_OBJC_IMPLEMENTATIONS = YES;
				CLANG_WARN_DIRECT_OBJC_ISA_USAGE = YES_ERROR;
				CLANG_WARN_DOCUMENTATION_COMMENTS = YES;
				CLANG_WARN_EMPTY_BODY = YES;
				CLANG_WARN_ENUM_CONVERSION = YES;
				CLANG_WARN_INFINITE_RECURSION = YES;
				CLANG_WARN_INT_CONVERSION = YES;
				CLANG_WARN_NON_LITERAL_NULL_CONVERSION = YES;
				CLANG_WARN_OBJC_IMPLICIT_RETAIN_SELF = YES;
				CLANG_WARN_OBJC_LITERAL_CONVERSION = YES;
				CLANG_WARN_OBJC_ROOT_CLASS = YES_ERROR;
				CLANG_WARN_RANGE_LOOP_ANALYSIS = YES;
				CLANG_WARN_STRICT_PROTOTYPES = YES;
				CLANG_WARN_SUSPICIOUS_MOVE = YES;
				CLANG_WARN_UNGUARDED_AVAILABILITY = YES_AGGRESSIVE;
				CLANG_WARN_UNREACHABLE_CODE = YES;
				CLANG_WARN__DUPLICATE_METHOD_MATCH = YES;
				CODE_SIGN_IDENTITY = "iPhone Developer";
				COPY_PHASE_STRIP = NO;
				DEBUG_INFORMATION_FORMAT = "dwarf-with-dsym";
				ENABLE_NS_ASSERTIONS = NO;
				ENABLE_STRICT_OBJC_MSGSEND = YES;
				GCC_C_LANGUAGE_STANDARD = gnu11;
				GCC_NO_COMMON_BLOCKS = YES;
				GCC_WARN_64_TO_32_BIT_CONVERSION = YES;
				GCC_WARN_ABOUT_RETURN_TYPE = YES_ERROR;
				GCC_WARN_UNDECLARED_SELECTOR = YES;
				GCC_WARN_UNINITIALIZED_AUTOS = YES_AGGRESSIVE;
				GCC_WARN_UNUSED_FUNCTION = YES;
				GCC_WARN_UNUSED_VARIABLE = YES;
				IPHONEOS_DEPLOYMENT_TARGET = 11.3;
				MTL_ENABLE_DEBUG_INFO = NO;
				SDKROOT = iphoneos;
				SWIFT_COMPILATION_MODE = wholemodule;
				SWIFT_OPTIMIZATION_LEVEL = "-O";
				VALIDATE_PRODUCT = YES;
			};
			name = Release;
		};
		3062C6D2209AE47400DC0C3F /* Debug */ = {
			isa = XCBuildConfiguration;
			buildSettings = {
				ASSETCATALOG_COMPILER_APPICON_NAME = AppIcon;
				CODE_SIGN_STYLE = Automatic;
				DEVELOPMENT_TEAM = 5Y92W5N2FZ;
				INFOPLIST_FILE = JSONParser/Info.plist;
				LD_RUNPATH_SEARCH_PATHS = (
					"$(inherited)",
					"@executable_path/Frameworks",
				);
				PRODUCT_BUNDLE_IDENTIFIER = kr.ghun.JSONParser;
				PRODUCT_NAME = "$(TARGET_NAME)";
				SWIFT_VERSION = 4.0;
				TARGETED_DEVICE_FAMILY = "1,2";
			};
			name = Debug;
		};
		3062C6D3209AE47400DC0C3F /* Release */ = {
			isa = XCBuildConfiguration;
			buildSettings = {
				ASSETCATALOG_COMPILER_APPICON_NAME = AppIcon;
				CODE_SIGN_STYLE = Automatic;
				DEVELOPMENT_TEAM = 5Y92W5N2FZ;
				INFOPLIST_FILE = JSONParser/Info.plist;
				LD_RUNPATH_SEARCH_PATHS = (
					"$(inherited)",
					"@executable_path/Frameworks",
				);
				PRODUCT_BUNDLE_IDENTIFIER = kr.ghun.JSONParser;
				PRODUCT_NAME = "$(TARGET_NAME)";
				SWIFT_VERSION = 4.0;
				TARGETED_DEVICE_FAMILY = "1,2";
			};
			name = Release;
		};
/* End XCBuildConfiguration section */

/* Begin XCConfigurationList section */
		3062C6BA209AE47300DC0C3F /* Build configuration list for PBXProject "JSONParser" */ = {
			isa = XCConfigurationList;
			buildConfigurations = (
				3062C6CF209AE47400DC0C3F /* Debug */,
				3062C6D0209AE47400DC0C3F /* Release */,
			);
			defaultConfigurationIsVisible = 0;
			defaultConfigurationName = Release;
		};
		3062C6D1209AE47400DC0C3F /* Build configuration list for PBXNativeTarget "JSONParser" */ = {
			isa = XCConfigurationList;
			buildConfigurations = (
				3062C6D2209AE47400DC0C3F /* Debug */,
				3062C6D3209AE47400DC0C3F /* Release */,
			);
			defaultConfigurationIsVisible = 0;
			defaultConfigurationName = Release;
		};
/* End XCConfigurationList section */
	};
	rootObject = 3062C6B7209AE47300DC0C3F /* Project object */;
}
