// !$*UTF8*$!
{
	archiveVersion = 1;
	classes = {
	};
	objectVersion = 50;
	objects = {

/* Begin PBXBuildFile section */
		304C8E7A207F7F800006AAB7 /* AppDelegate.swift in Sources */ = {isa = PBXBuildFile; fileRef = 304C8E79207F7F800006AAB7 /* AppDelegate.swift */; };
		304C8E7C207F7F800006AAB7 /* Main.swift in Sources */ = {isa = PBXBuildFile; fileRef = 304C8E7B207F7F800006AAB7 /* Main.swift */; };
		304C8E7F207F7F800006AAB7 /* Main.storyboard in Resources */ = {isa = PBXBuildFile; fileRef = 304C8E7D207F7F800006AAB7 /* Main.storyboard */; };
		304C8E81207F7F820006AAB7 /* Assets.xcassets in Resources */ = {isa = PBXBuildFile; fileRef = 304C8E80207F7F820006AAB7 /* Assets.xcassets */; };
		304C8E84207F7F820006AAB7 /* LaunchScreen.storyboard in Resources */ = {isa = PBXBuildFile; fileRef = 304C8E82207F7F820006AAB7 /* LaunchScreen.storyboard */; };
		304C8E8F207F7F820006AAB7 /* MemoTests.swift in Sources */ = {isa = PBXBuildFile; fileRef = 304C8E8E207F7F820006AAB7 /* MemoTests.swift */; };
		304C8E9A207F7F820006AAB7 /* MemoUITests.swift in Sources */ = {isa = PBXBuildFile; fileRef = 304C8E99207F7F820006AAB7 /* MemoUITests.swift */; };
		304C8EA8207F7FB30006AAB7 /* Record.swift in Sources */ = {isa = PBXBuildFile; fileRef = 304C8EA7207F7FB30006AAB7 /* Record.swift */; };
		304C8EAA207F95570006AAB7 /* MainCell.swift in Sources */ = {isa = PBXBuildFile; fileRef = 304C8EA9207F95570006AAB7 /* MainCell.swift */; };
/* End PBXBuildFile section */

/* Begin PBXContainerItemProxy section */
		304C8E8B207F7F820006AAB7 /* PBXContainerItemProxy */ = {
			isa = PBXContainerItemProxy;
			containerPortal = 304C8E6E207F7F800006AAB7 /* Project object */;
			proxyType = 1;
			remoteGlobalIDString = 304C8E75207F7F800006AAB7;
			remoteInfo = Memo;
		};
		304C8E96207F7F820006AAB7 /* PBXContainerItemProxy */ = {
			isa = PBXContainerItemProxy;
			containerPortal = 304C8E6E207F7F800006AAB7 /* Project object */;
			proxyType = 1;
			remoteGlobalIDString = 304C8E75207F7F800006AAB7;
			remoteInfo = Memo;
		};
/* End PBXContainerItemProxy section */

/* Begin PBXFileReference section */
		304C8E76207F7F800006AAB7 /* Memo.app */ = {isa = PBXFileReference; explicitFileType = wrapper.application; includeInIndex = 0; path = Memo.app; sourceTree = BUILT_PRODUCTS_DIR; };
		304C8E79207F7F800006AAB7 /* AppDelegate.swift */ = {isa = PBXFileReference; lastKnownFileType = sourcecode.swift; path = AppDelegate.swift; sourceTree = "<group>"; };
		304C8E7B207F7F800006AAB7 /* Main.swift */ = {isa = PBXFileReference; lastKnownFileType = sourcecode.swift; path = Main.swift; sourceTree = "<group>"; };
		304C8E7E207F7F800006AAB7 /* Base */ = {isa = PBXFileReference; lastKnownFileType = file.storyboard; name = Base; path = Base.lproj/Main.storyboard; sourceTree = "<group>"; };
		304C8E80207F7F820006AAB7 /* Assets.xcassets */ = {isa = PBXFileReference; lastKnownFileType = folder.assetcatalog; path = Assets.xcassets; sourceTree = "<group>"; };
		304C8E83207F7F820006AAB7 /* Base */ = {isa = PBXFileReference; lastKnownFileType = file.storyboard; name = Base; path = Base.lproj/LaunchScreen.storyboard; sourceTree = "<group>"; };
		304C8E85207F7F820006AAB7 /* Info.plist */ = {isa = PBXFileReference; lastKnownFileType = text.plist.xml; path = Info.plist; sourceTree = "<group>"; };
		304C8E8A207F7F820006AAB7 /* MemoTests.xctest */ = {isa = PBXFileReference; explicitFileType = wrapper.cfbundle; includeInIndex = 0; path = MemoTests.xctest; sourceTree = BUILT_PRODUCTS_DIR; };
		304C8E8E207F7F820006AAB7 /* MemoTests.swift */ = {isa = PBXFileReference; lastKnownFileType = sourcecode.swift; path = MemoTests.swift; sourceTree = "<group>"; };
		304C8E90207F7F820006AAB7 /* Info.plist */ = {isa = PBXFileReference; lastKnownFileType = text.plist.xml; path = Info.plist; sourceTree = "<group>"; };
		304C8E95207F7F820006AAB7 /* MemoUITests.xctest */ = {isa = PBXFileReference; explicitFileType = wrapper.cfbundle; includeInIndex = 0; path = MemoUITests.xctest; sourceTree = BUILT_PRODUCTS_DIR; };
		304C8E99207F7F820006AAB7 /* MemoUITests.swift */ = {isa = PBXFileReference; lastKnownFileType = sourcecode.swift; path = MemoUITests.swift; sourceTree = "<group>"; };
		304C8E9B207F7F820006AAB7 /* Info.plist */ = {isa = PBXFileReference; lastKnownFileType = text.plist.xml; path = Info.plist; sourceTree = "<group>"; };
		304C8EA7207F7FB30006AAB7 /* Record.swift */ = {isa = PBXFileReference; lastKnownFileType = sourcecode.swift; path = Record.swift; sourceTree = "<group>"; };
		304C8EA9207F95570006AAB7 /* MainCell.swift */ = {isa = PBXFileReference; lastKnownFileType = sourcecode.swift; path = MainCell.swift; sourceTree = "<group>"; };
/* End PBXFileReference section */

/* Begin PBXFrameworksBuildPhase section */
		304C8E73207F7F800006AAB7 /* Frameworks */ = {
			isa = PBXFrameworksBuildPhase;
			buildActionMask = 2147483647;
			files = (
			);
			runOnlyForDeploymentPostprocessing = 0;
		};
		304C8E87207F7F820006AAB7 /* Frameworks */ = {
			isa = PBXFrameworksBuildPhase;
			buildActionMask = 2147483647;
			files = (
			);
			runOnlyForDeploymentPostprocessing = 0;
		};
		304C8E92207F7F820006AAB7 /* Frameworks */ = {
			isa = PBXFrameworksBuildPhase;
			buildActionMask = 2147483647;
			files = (
			);
			runOnlyForDeploymentPostprocessing = 0;
		};
/* End PBXFrameworksBuildPhase section */

/* Begin PBXGroup section */
		304C8E6D207F7F800006AAB7 = {
			isa = PBXGroup;
			children = (
				304C8E78207F7F800006AAB7 /* Memo */,
				304C8E8D207F7F820006AAB7 /* MemoTests */,
				304C8E98207F7F820006AAB7 /* MemoUITests */,
				304C8E77207F7F800006AAB7 /* Products */,
			);
			sourceTree = "<group>";
		};
		304C8E77207F7F800006AAB7 /* Products */ = {
			isa = PBXGroup;
			children = (
				304C8E76207F7F800006AAB7 /* Memo.app */,
				304C8E8A207F7F820006AAB7 /* MemoTests.xctest */,
				304C8E95207F7F820006AAB7 /* MemoUITests.xctest */,
			);
			name = Products;
			sourceTree = "<group>";
		};
		304C8E78207F7F800006AAB7 /* Memo */ = {
			isa = PBXGroup;
			children = (
				304C8E7D207F7F800006AAB7 /* Main.storyboard */,
				304C8E7B207F7F800006AAB7 /* Main.swift */,
				304C8EA9207F95570006AAB7 /* MainCell.swift */,
				304C8EA7207F7FB30006AAB7 /* Record.swift */,
				304C8E79207F7F800006AAB7 /* AppDelegate.swift */,
				304C8E80207F7F820006AAB7 /* Assets.xcassets */,
				304C8E82207F7F820006AAB7 /* LaunchScreen.storyboard */,
				304C8E85207F7F820006AAB7 /* Info.plist */,
			);
			path = Memo;
			sourceTree = "<group>";
		};
		304C8E8D207F7F820006AAB7 /* MemoTests */ = {
			isa = PBXGroup;
			children = (
				304C8E8E207F7F820006AAB7 /* MemoTests.swift */,
				304C8E90207F7F820006AAB7 /* Info.plist */,
			);
			path = MemoTests;
			sourceTree = "<group>";
		};
		304C8E98207F7F820006AAB7 /* MemoUITests */ = {
			isa = PBXGroup;
			children = (
				304C8E99207F7F820006AAB7 /* MemoUITests.swift */,
				304C8E9B207F7F820006AAB7 /* Info.plist */,
			);
			path = MemoUITests;
			sourceTree = "<group>";
		};
/* End PBXGroup section */

/* Begin PBXNativeTarget section */
		304C8E75207F7F800006AAB7 /* Memo */ = {
			isa = PBXNativeTarget;
			buildConfigurationList = 304C8E9E207F7F820006AAB7 /* Build configuration list for PBXNativeTarget "Memo" */;
			buildPhases = (
				304C8E72207F7F800006AAB7 /* Sources */,
				304C8E73207F7F800006AAB7 /* Frameworks */,
				304C8E74207F7F800006AAB7 /* Resources */,
			);
			buildRules = (
			);
			dependencies = (
			);
			name = Memo;
			productName = Memo;
			productReference = 304C8E76207F7F800006AAB7 /* Memo.app */;
			productType = "com.apple.product-type.application";
		};
		304C8E89207F7F820006AAB7 /* MemoTests */ = {
			isa = PBXNativeTarget;
			buildConfigurationList = 304C8EA1207F7F820006AAB7 /* Build configuration list for PBXNativeTarget "MemoTests" */;
			buildPhases = (
				304C8E86207F7F820006AAB7 /* Sources */,
				304C8E87207F7F820006AAB7 /* Frameworks */,
				304C8E88207F7F820006AAB7 /* Resources */,
			);
			buildRules = (
			);
			dependencies = (
				304C8E8C207F7F820006AAB7 /* PBXTargetDependency */,
			);
			name = MemoTests;
			productName = MemoTests;
			productReference = 304C8E8A207F7F820006AAB7 /* MemoTests.xctest */;
			productType = "com.apple.product-type.bundle.unit-test";
		};
		304C8E94207F7F820006AAB7 /* MemoUITests */ = {
			isa = PBXNativeTarget;
			buildConfigurationList = 304C8EA4207F7F820006AAB7 /* Build configuration list for PBXNativeTarget "MemoUITests" */;
			buildPhases = (
				304C8E91207F7F820006AAB7 /* Sources */,
				304C8E92207F7F820006AAB7 /* Frameworks */,
				304C8E93207F7F820006AAB7 /* Resources */,
			);
			buildRules = (
			);
			dependencies = (
				304C8E97207F7F820006AAB7 /* PBXTargetDependency */,
			);
			name = MemoUITests;
			productName = MemoUITests;
			productReference = 304C8E95207F7F820006AAB7 /* MemoUITests.xctest */;
			productType = "com.apple.product-type.bundle.ui-testing";
		};
/* End PBXNativeTarget section */

/* Begin PBXProject section */
		304C8E6E207F7F800006AAB7 /* Project object */ = {
			isa = PBXProject;
			attributes = {
				LastSwiftUpdateCheck = 0930;
				LastUpgradeCheck = 0930;
				ORGANIZATIONNAME = Ghun2;
				TargetAttributes = {
					304C8E75207F7F800006AAB7 = {
						CreatedOnToolsVersion = 9.3;
					};
					304C8E89207F7F820006AAB7 = {
						CreatedOnToolsVersion = 9.3;
						TestTargetID = 304C8E75207F7F800006AAB7;
					};
					304C8E94207F7F820006AAB7 = {
						CreatedOnToolsVersion = 9.3;
						TestTargetID = 304C8E75207F7F800006AAB7;
					};
				};
			};
			buildConfigurationList = 304C8E71207F7F800006AAB7 /* Build configuration list for PBXProject "Memo" */;
			compatibilityVersion = "Xcode 9.3";
			developmentRegion = en;
			hasScannedForEncodings = 0;
			knownRegions = (
				en,
				Base,
			);
			mainGroup = 304C8E6D207F7F800006AAB7;
			productRefGroup = 304C8E77207F7F800006AAB7 /* Products */;
			projectDirPath = "";
			projectRoot = "";
			targets = (
				304C8E75207F7F800006AAB7 /* Memo */,
				304C8E89207F7F820006AAB7 /* MemoTests */,
				304C8E94207F7F820006AAB7 /* MemoUITests */,
			);
		};
/* End PBXProject section */

/* Begin PBXResourcesBuildPhase section */
		304C8E74207F7F800006AAB7 /* Resources */ = {
			isa = PBXResourcesBuildPhase;
			buildActionMask = 2147483647;
			files = (
				304C8E84207F7F820006AAB7 /* LaunchScreen.storyboard in Resources */,
				304C8E81207F7F820006AAB7 /* Assets.xcassets in Resources */,
				304C8E7F207F7F800006AAB7 /* Main.storyboard in Resources */,
			);
			runOnlyForDeploymentPostprocessing = 0;
		};
		304C8E88207F7F820006AAB7 /* Resources */ = {
			isa = PBXResourcesBuildPhase;
			buildActionMask = 2147483647;
			files = (
			);
			runOnlyForDeploymentPostprocessing = 0;
		};
		304C8E93207F7F820006AAB7 /* Resources */ = {
			isa = PBXResourcesBuildPhase;
			buildActionMask = 2147483647;
			files = (
			);
			runOnlyForDeploymentPostprocessing = 0;
		};
/* End PBXResourcesBuildPhase section */

/* Begin PBXSourcesBuildPhase section */
		304C8E72207F7F800006AAB7 /* Sources */ = {
			isa = PBXSourcesBuildPhase;
			buildActionMask = 2147483647;
			files = (
				304C8E7C207F7F800006AAB7 /* Main.swift in Sources */,
				304C8E7A207F7F800006AAB7 /* AppDelegate.swift in Sources */,
				304C8EAA207F95570006AAB7 /* MainCell.swift in Sources */,
				304C8EA8207F7FB30006AAB7 /* Record.swift in Sources */,
			);
			runOnlyForDeploymentPostprocessing = 0;
		};
		304C8E86207F7F820006AAB7 /* Sources */ = {
			isa = PBXSourcesBuildPhase;
			buildActionMask = 2147483647;
			files = (
				304C8E8F207F7F820006AAB7 /* MemoTests.swift in Sources */,
			);
			runOnlyForDeploymentPostprocessing = 0;
		};
		304C8E91207F7F820006AAB7 /* Sources */ = {
			isa = PBXSourcesBuildPhase;
			buildActionMask = 2147483647;
			files = (
				304C8E9A207F7F820006AAB7 /* MemoUITests.swift in Sources */,
			);
			runOnlyForDeploymentPostprocessing = 0;
		};
/* End PBXSourcesBuildPhase section */

/* Begin PBXTargetDependency section */
		304C8E8C207F7F820006AAB7 /* PBXTargetDependency */ = {
			isa = PBXTargetDependency;
			target = 304C8E75207F7F800006AAB7 /* Memo */;
			targetProxy = 304C8E8B207F7F820006AAB7 /* PBXContainerItemProxy */;
		};
		304C8E97207F7F820006AAB7 /* PBXTargetDependency */ = {
			isa = PBXTargetDependency;
			target = 304C8E75207F7F800006AAB7 /* Memo */;
			targetProxy = 304C8E96207F7F820006AAB7 /* PBXContainerItemProxy */;
		};
/* End PBXTargetDependency section */

/* Begin PBXVariantGroup section */
		304C8E7D207F7F800006AAB7 /* Main.storyboard */ = {
			isa = PBXVariantGroup;
			children = (
				304C8E7E207F7F800006AAB7 /* Base */,
			);
			name = Main.storyboard;
			sourceTree = "<group>";
		};
		304C8E82207F7F820006AAB7 /* LaunchScreen.storyboard */ = {
			isa = PBXVariantGroup;
			children = (
				304C8E83207F7F820006AAB7 /* Base */,
			);
			name = LaunchScreen.storyboard;
			sourceTree = "<group>";
		};
/* End PBXVariantGroup section */

/* Begin XCBuildConfiguration section */
		304C8E9C207F7F820006AAB7 /* Debug */ = {
			isa = XCBuildConfiguration;
			buildSettings = {
				ALWAYS_SEARCH_USER_PATHS = NO;
				CLANG_ANALYZER_NONNULL = YES;
				CLANG_ANALYZER_NUMBER_OBJECT_CONVERSION = YES_AGGRESSIVE;
				CLANG_CXX_LANGUAGE_STANDARD = "gnu++14";
				CLANG_CXX_LIBRARY = "libc++";
				CLANG_ENABLE_MODULES = YES;
				CLANG_ENABLE_OBJC_ARC = YES;
				CLANG_ENABLE_OBJC_WEAK = YES;
				CLANG_WARN_BLOCK_CAPTURE_AUTORELEASING = YES;
				CLANG_WARN_BOOL_CONVERSION = YES;
				CLANG_WARN_COMMA = YES;
				CLANG_WARN_CONSTANT_CONVERSION = YES;
				CLANG_WARN_DEPRECATED_OBJC_IMPLEMENTATIONS = YES;
				CLANG_WARN_DIRECT_OBJC_ISA_USAGE = YES_ERROR;
				CLANG_WARN_DOCUMENTATION_COMMENTS = YES;
				CLANG_WARN_EMPTY_BODY = YES;
				CLANG_WARN_ENUM_CONVERSION = YES;
				CLANG_WARN_INFINITE_RECURSION = YES;
				CLANG_WARN_INT_CONVERSION = YES;
				CLANG_WARN_NON_LITERAL_NULL_CONVERSION = YES;
				CLANG_WARN_OBJC_IMPLICIT_RETAIN_SELF = YES;
				CLANG_WARN_OBJC_LITERAL_CONVERSION = YES;
				CLANG_WARN_OBJC_ROOT_CLASS = YES_ERROR;
				CLANG_WARN_RANGE_LOOP_ANALYSIS = YES;
				CLANG_WARN_STRICT_PROTOTYPES = YES;
				CLANG_WARN_SUSPICIOUS_MOVE = YES;
				CLANG_WARN_UNGUARDED_AVAILABILITY = YES_AGGRESSIVE;
				CLANG_WARN_UNREACHABLE_CODE = YES;
				CLANG_WARN__DUPLICATE_METHOD_MATCH = YES;
				CODE_SIGN_IDENTITY = "iPhone Developer";
				COPY_PHASE_STRIP = NO;
				DEBUG_INFORMATION_FORMAT = dwarf;
				ENABLE_STRICT_OBJC_MSGSEND = YES;
				ENABLE_TESTABILITY = YES;
				GCC_C_LANGUAGE_STANDARD = gnu11;
				GCC_DYNAMIC_NO_PIC = NO;
				GCC_NO_COMMON_BLOCKS = YES;
				GCC_OPTIMIZATION_LEVEL = 0;
				GCC_PREPROCESSOR_DEFINITIONS = (
					"DEBUG=1",
					"$(inherited)",
				);
				GCC_WARN_64_TO_32_BIT_CONVERSION = YES;
				GCC_WARN_ABOUT_RETURN_TYPE = YES_ERROR;
				GCC_WARN_UNDECLARED_SELECTOR = YES;
				GCC_WARN_UNINITIALIZED_AUTOS = YES_AGGRESSIVE;
				GCC_WARN_UNUSED_FUNCTION = YES;
				GCC_WARN_UNUSED_VARIABLE = YES;
				IPHONEOS_DEPLOYMENT_TARGET = 11.3;
				MTL_ENABLE_DEBUG_INFO = YES;
				ONLY_ACTIVE_ARCH = YES;
				SDKROOT = iphoneos;
				SWIFT_ACTIVE_COMPILATION_CONDITIONS = DEBUG;
				SWIFT_OPTIMIZATION_LEVEL = "-Onone";
			};
			name = Debug;
		};
		304C8E9D207F7F820006AAB7 /* Release */ = {
			isa = XCBuildConfiguration;
			buildSettings = {
				ALWAYS_SEARCH_USER_PATHS = NO;
				CLANG_ANALYZER_NONNULL = YES;
				CLANG_ANALYZER_NUMBER_OBJECT_CONVERSION = YES_AGGRESSIVE;
				CLANG_CXX_LANGUAGE_STANDARD = "gnu++14";
				CLANG_CXX_LIBRARY = "libc++";
				CLANG_ENABLE_MODULES = YES;
				CLANG_ENABLE_OBJC_ARC = YES;
				CLANG_ENABLE_OBJC_WEAK = YES;
				CLANG_WARN_BLOCK_CAPTURE_AUTORELEASING = YES;
				CLANG_WARN_BOOL_CONVERSION = YES;
				CLANG_WARN_COMMA = YES;
				CLANG_WARN_CONSTANT_CONVERSION = YES;
				CLANG_WARN_DEPRECATED_OBJC_IMPLEMENTATIONS = YES;
				CLANG_WARN_DIRECT_OBJC_ISA_USAGE = YES_ERROR;
				CLANG_WARN_DOCUMENTATION_COMMENTS = YES;
				CLANG_WARN_EMPTY_BODY = YES;
				CLANG_WARN_ENUM_CONVERSION = YES;
				CLANG_WARN_INFINITE_RECURSION = YES;
				CLANG_WARN_INT_CONVERSION = YES;
				CLANG_WARN_NON_LITERAL_NULL_CONVERSION = YES;
				CLANG_WARN_OBJC_IMPLICIT_RETAIN_SELF = YES;
				CLANG_WARN_OBJC_LITERAL_CONVERSION = YES;
				CLANG_WARN_OBJC_ROOT_CLASS = YES_ERROR;
				CLANG_WARN_RANGE_LOOP_ANALYSIS = YES;
				CLANG_WARN_STRICT_PROTOTYPES = YES;
				CLANG_WARN_SUSPICIOUS_MOVE = YES;
				CLANG_WARN_UNGUARDED_AVAILABILITY = YES_AGGRESSIVE;
				CLANG_WARN_UNREACHABLE_CODE = YES;
				CLANG_WARN__DUPLICATE_METHOD_MATCH = YES;
				CODE_SIGN_IDENTITY = "iPhone Developer";
				COPY_PHASE_STRIP = NO;
				DEBUG_INFORMATION_FORMAT = "dwarf-with-dsym";
				ENABLE_NS_ASSERTIONS = NO;
				ENABLE_STRICT_OBJC_MSGSEND = YES;
				GCC_C_LANGUAGE_STANDARD = gnu11;
				GCC_NO_COMMON_BLOCKS = YES;
				GCC_WARN_64_TO_32_BIT_CONVERSION = YES;
				GCC_WARN_ABOUT_RETURN_TYPE = YES_ERROR;
				GCC_WARN_UNDECLARED_SELECTOR = YES;
				GCC_WARN_UNINITIALIZED_AUTOS = YES_AGGRESSIVE;
				GCC_WARN_UNUSED_FUNCTION = YES;
				GCC_WARN_UNUSED_VARIABLE = YES;
				IPHONEOS_DEPLOYMENT_TARGET = 11.3;
				MTL_ENABLE_DEBUG_INFO = NO;
				SDKROOT = iphoneos;
				SWIFT_COMPILATION_MODE = wholemodule;
				SWIFT_OPTIMIZATION_LEVEL = "-O";
				VALIDATE_PRODUCT = YES;
			};
			name = Release;
		};
		304C8E9F207F7F820006AAB7 /* Debug */ = {
			isa = XCBuildConfiguration;
			buildSettings = {
				ASSETCATALOG_COMPILER_APPICON_NAME = AppIcon;
				CODE_SIGN_STYLE = Automatic;
				INFOPLIST_FILE = Memo/Info.plist;
				LD_RUNPATH_SEARCH_PATHS = (
					"$(inherited)",
					"@executable_path/Frameworks",
				);
				PRODUCT_BUNDLE_IDENTIFIER = kr.ghun.Memo;
				PRODUCT_NAME = "$(TARGET_NAME)";
				SWIFT_VERSION = 4.0;
				TARGETED_DEVICE_FAMILY = "1,2";
			};
			name = Debug;
		};
		304C8EA0207F7F820006AAB7 /* Release */ = {
			isa = XCBuildConfiguration;
			buildSettings = {
				ASSETCATALOG_COMPILER_APPICON_NAME = AppIcon;
				CODE_SIGN_STYLE = Automatic;
				INFOPLIST_FILE = Memo/Info.plist;
				LD_RUNPATH_SEARCH_PATHS = (
					"$(inherited)",
					"@executable_path/Frameworks",
				);
				PRODUCT_BUNDLE_IDENTIFIER = kr.ghun.Memo;
				PRODUCT_NAME = "$(TARGET_NAME)";
				SWIFT_VERSION = 4.0;
				TARGETED_DEVICE_FAMILY = "1,2";
			};
			name = Release;
		};
		304C8EA2207F7F820006AAB7 /* Debug */ = {
			isa = XCBuildConfiguration;
			buildSettings = {
				ALWAYS_EMBED_SWIFT_STANDARD_LIBRARIES = YES;
				BUNDLE_LOADER = "$(TEST_HOST)";
				CODE_SIGN_STYLE = Automatic;
				INFOPLIST_FILE = MemoTests/Info.plist;
				LD_RUNPATH_SEARCH_PATHS = (
					"$(inherited)",
					"@executable_path/Frameworks",
					"@loader_path/Frameworks",
				);
				PRODUCT_BUNDLE_IDENTIFIER = kr.ghun.MemoTests;
				PRODUCT_NAME = "$(TARGET_NAME)";
				SWIFT_VERSION = 4.0;
				TARGETED_DEVICE_FAMILY = "1,2";
				TEST_HOST = "$(BUILT_PRODUCTS_DIR)/Memo.app/Memo";
			};
			name = Debug;
		};
		304C8EA3207F7F820006AAB7 /* Release */ = {
			isa = XCBuildConfiguration;
			buildSettings = {
				ALWAYS_EMBED_SWIFT_STANDARD_LIBRARIES = YES;
				BUNDLE_LOADER = "$(TEST_HOST)";
				CODE_SIGN_STYLE = Automatic;
				INFOPLIST_FILE = MemoTests/Info.plist;
				LD_RUNPATH_SEARCH_PATHS = (
					"$(inherited)",
					"@executable_path/Frameworks",
					"@loader_path/Frameworks",
				);
				PRODUCT_BUNDLE_IDENTIFIER = kr.ghun.MemoTests;
				PRODUCT_NAME = "$(TARGET_NAME)";
				SWIFT_VERSION = 4.0;
				TARGETED_DEVICE_FAMILY = "1,2";
				TEST_HOST = "$(BUILT_PRODUCTS_DIR)/Memo.app/Memo";
			};
			name = Release;
		};
		304C8EA5207F7F820006AAB7 /* Debug */ = {
			isa = XCBuildConfiguration;
			buildSettings = {
				ALWAYS_EMBED_SWIFT_STANDARD_LIBRARIES = YES;
				CODE_SIGN_STYLE = Automatic;
				INFOPLIST_FILE = MemoUITests/Info.plist;
				LD_RUNPATH_SEARCH_PATHS = (
					"$(inherited)",
					"@executable_path/Frameworks",
					"@loader_path/Frameworks",
				);
				PRODUCT_BUNDLE_IDENTIFIER = kr.ghun.MemoUITests;
				PRODUCT_NAME = "$(TARGET_NAME)";
				SWIFT_VERSION = 4.0;
				TARGETED_DEVICE_FAMILY = "1,2";
				TEST_TARGET_NAME = Memo;
			};
			name = Debug;
		};
		304C8EA6207F7F820006AAB7 /* Release */ = {
			isa = XCBuildConfiguration;
			buildSettings = {
				ALWAYS_EMBED_SWIFT_STANDARD_LIBRARIES = YES;
				CODE_SIGN_STYLE = Automatic;
				INFOPLIST_FILE = MemoUITests/Info.plist;
				LD_RUNPATH_SEARCH_PATHS = (
					"$(inherited)",
					"@executable_path/Frameworks",
					"@loader_path/Frameworks",
				);
				PRODUCT_BUNDLE_IDENTIFIER = kr.ghun.MemoUITests;
				PRODUCT_NAME = "$(TARGET_NAME)";
				SWIFT_VERSION = 4.0;
				TARGETED_DEVICE_FAMILY = "1,2";
				TEST_TARGET_NAME = Memo;
			};
			name = Release;
		};
/* End XCBuildConfiguration section */

/* Begin XCConfigurationList section */
		304C8E71207F7F800006AAB7 /* Build configuration list for PBXProject "Memo" */ = {
			isa = XCConfigurationList;
			buildConfigurations = (
				304C8E9C207F7F820006AAB7 /* Debug */,
				304C8E9D207F7F820006AAB7 /* Release */,
			);
			defaultConfigurationIsVisible = 0;
			defaultConfigurationName = Release;
		};
		304C8E9E207F7F820006AAB7 /* Build configuration list for PBXNativeTarget "Memo" */ = {
			isa = XCConfigurationList;
			buildConfigurations = (
				304C8E9F207F7F820006AAB7 /* Debug */,
				304C8EA0207F7F820006AAB7 /* Release */,
			);
			defaultConfigurationIsVisible = 0;
			defaultConfigurationName = Release;
		};
		304C8EA1207F7F820006AAB7 /* Build configuration list for PBXNativeTarget "MemoTests" */ = {
			isa = XCConfigurationList;
			buildConfigurations = (
				304C8EA2207F7F820006AAB7 /* Debug */,
				304C8EA3207F7F820006AAB7 /* Release */,
			);
			defaultConfigurationIsVisible = 0;
			defaultConfigurationName = Release;
		};
		304C8EA4207F7F820006AAB7 /* Build configuration list for PBXNativeTarget "MemoUITests" */ = {
			isa = XCConfigurationList;
			buildConfigurations = (
				304C8EA5207F7F820006AAB7 /* Debug */,
				304C8EA6207F7F820006AAB7 /* Release */,
			);
			defaultConfigurationIsVisible = 0;
			defaultConfigurationName = Release;
		};
/* End XCConfigurationList section */
	};
	rootObject = 304C8E6E207F7F800006AAB7 /* Project object */;
}
